
Microsoft Visual Studio Solution File, Format Version 12.00
# Visual Studio Version 17
VisualStudioVersion = 17.4.33205.214
MinimumVisualStudioVersion = 10.0.40219.1
Project("{FAE04EC0-301F-11D3-BF4B-00C04F79EFBC}") = "Targv22.Ivanov.Android", "Targv22.Ivanov.Android\Targv22.Ivanov.Android.csproj", "{88D64CCD-F198-4B45-BCDB-10A42DA3A72B}"
EndProject
Project("{FAE04EC0-301F-11D3-BF4B-00C04F79EFBC}") = "Targv22.Ivanov.iOS", "Targv22.Ivanov.iOS\Targv22.Ivanov.iOS.csproj", "{FA1324A4-23A1-4FAC-B853-DFD4CDD08B92}"
EndProject
Project("{FAE04EC0-301F-11D3-BF4B-00C04F79EFBC}") = "Targv22.Ivanov", "Targv22.Ivanov\Targv22.Ivanov.csproj", "{1DADBB8B-48A6-4D1F-868B-7B7DA0026921}"
EndProject
Global
	GlobalSection(SolutionConfigurationPlatforms) = preSolution
		Debug|Any CPU = Debug|Any CPU
		Debug|iPhone = Debug|iPhone
		Debug|iPhoneSimulator = Debug|iPhoneSimulator
		Release|Any CPU = Release|Any CPU
		Release|iPhone = Release|iPhone
		Release|iPhoneSimulator = Release|iPhoneSimulator
	EndGlobalSection
	GlobalSection(ProjectConfigurationPlatforms) = postSolution
		{88D64CCD-F198-4B45-BCDB-10A42DA3A72B}.Debug|Any CPU.ActiveCfg = Debug|Any CPU
		{88D64CCD-F198-4B45-BCDB-10A42DA3A72B}.Debug|Any CPU.Build.0 = Debug|Any CPU
		{88D64CCD-F198-4B45-BCDB-10A42DA3A72B}.Debug|Any CPU.Deploy.0 = Debug|Any CPU
		{88D64CCD-F198-4B45-BCDB-10A42DA3A72B}.Debug|iPhone.ActiveCfg = Debug|Any CPU
		{88D64CCD-F198-4B45-BCDB-10A42DA3A72B}.Debug|iPhone.Build.0 = Debug|Any CPU
		{88D64CCD-F198-4B45-BCDB-10A42DA3A72B}.Debug|iPhone.Deploy.0 = Debug|Any CPU
		{88D64CCD-F198-4B45-BCDB-10A42DA3A72B}.Debug|iPhoneSimulator.ActiveCfg = Debug|Any CPU
		{88D64CCD-F198-4B45-BCDB-10A42DA3A72B}.Debug|iPhoneSimulator.Build.0 = Debug|Any CPU
		{88D64CCD-F198-4B45-BCDB-10A42DA3A72B}.Debug|iPhoneSimulator.Deploy.0 = Debug|Any CPU
		{88D64CCD-F198-4B45-BCDB-10A42DA3A72B}.Release|Any CPU.ActiveCfg = Release|Any CPU
		{88D64CCD-F198-4B45-BCDB-10A42DA3A72B}.Release|Any CPU.Build.0 = Release|Any CPU
		{88D64CCD-F198-4B45-BCDB-10A42DA3A72B}.Release|Any CPU.Deploy.0 = Release|Any CPU
		{88D64CCD-F198-4B45-BCDB-10A42DA3A72B}.Release|iPhone.ActiveCfg = Release|Any CPU
		{88D64CCD-F198-4B45-BCDB-10A42DA3A72B}.Release|iPhone.Build.0 = Release|Any CPU
		{88D64CCD-F198-4B45-BCDB-10A42DA3A72B}.Release|iPhone.Deploy.0 = Release|Any CPU
		{88D64CCD-F198-4B45-BCDB-10A42DA3A72B}.Release|iPhoneSimulator.ActiveCfg = Release|Any CPU
		{88D64CCD-F198-4B45-BCDB-10A42DA3A72B}.Release|iPhoneSimulator.Build.0 = Release|Any CPU
		{88D64CCD-F198-4B45-BCDB-10A42DA3A72B}.Release|iPhoneSimulator.Deploy.0 = Release|Any CPU
		{FA1324A4-23A1-4FAC-B853-DFD4CDD08B92}.Debug|Any CPU.ActiveCfg = Debug|iPhone
		{FA1324A4-23A1-4FAC-B853-DFD4CDD08B92}.Debug|Any CPU.Build.0 = Debug|iPhone
		{FA1324A4-23A1-4FAC-B853-DFD4CDD08B92}.Debug|Any CPU.Deploy.0 = Debug|iPhone
		{FA1324A4-23A1-4FAC-B853-DFD4CDD08B92}.Debug|iPhone.ActiveCfg = Debug|iPhone
		{FA1324A4-23A1-4FAC-B853-DFD4CDD08B92}.Debug|iPhone.Build.0 = Debug|iPhone
		{FA1324A4-23A1-4FAC-B853-DFD4CDD08B92}.Debug|iPhone.Deploy.0 = Debug|iPhone
		{FA1324A4-23A1-4FAC-B853-DFD4CDD08B92}.Debug|iPhoneSimulator.ActiveCfg = Debug|iPhoneSimulator
		{FA1324A4-23A1-4FAC-B853-DFD4CDD08B92}.Debug|iPhoneSimulator.Build.0 = Debug|iPhoneSimulator
		{FA1324A4-23A1-4FAC-B853-DFD4CDD08B92}.Debug|iPhoneSimulator.Deploy.0 = Debug|iPhoneSimulator
		{FA1324A4-23A1-4FAC-B853-DFD4CDD08B92}.Release|Any CPU.ActiveCfg = Release|iPhoneSimulator
		{FA1324A4-23A1-4FAC-B853-DFD4CDD08B92}.Release|Any CPU.Build.0 = Release|iPhoneSimulator
		{FA1324A4-23A1-4FAC-B853-DFD4CDD08B92}.Release|Any CPU.Deploy.0 = Release|iPhoneSimulator
		{FA1324A4-23A1-4FAC-B853-DFD4CDD08B92}.Release|iPhone.ActiveCfg = Release|iPhone
		{FA1324A4-23A1-4FAC-B853-DFD4CDD08B92}.Release|iPhone.Build.0 = Release|iPhone
		{FA1324A4-23A1-4FAC-B853-DFD4CDD08B92}.Release|iPhone.Deploy.0 = Release|iPhone
		{FA1324A4-23A1-4FAC-B853-DFD4CDD08B92}.Release|iPhoneSimulator.ActiveCfg = Release|iPhoneSimulator
		{FA1324A4-23A1-4FAC-B853-DFD4CDD08B92}.Release|iPhoneSimulator.Build.0 = Release|iPhoneSimulator
		{FA1324A4-23A1-4FAC-B853-DFD4CDD08B92}.Release|iPhoneSimulator.Deploy.0 = Release|iPhoneSimulator
		{1DADBB8B-48A6-4D1F-868B-7B7DA0026921}.Debug|Any CPU.ActiveCfg = Debug|Any CPU
		{1DADBB8B-48A6-4D1F-868B-7B7DA0026921}.Debug|Any CPU.Build.0 = Debug|Any CPU
		{1DADBB8B-48A6-4D1F-868B-7B7DA0026921}.Debug|Any CPU.Deploy.0 = Debug|Any CPU
		{1DADBB8B-48A6-4D1F-868B-7B7DA0026921}.Debug|iPhone.ActiveCfg = Debug|Any CPU
		{1DADBB8B-48A6-4D1F-868B-7B7DA0026921}.Debug|iPhone.Build.0 = Debug|Any CPU
		{1DADBB8B-48A6-4D1F-868B-7B7DA0026921}.Debug|iPhone.Deploy.0 = Debug|Any CPU
		{1DADBB8B-48A6-4D1F-868B-7B7DA0026921}.Debug|iPhoneSimulator.ActiveCfg = Debug|Any CPU
		{1DADBB8B-48A6-4D1F-868B-7B7DA0026921}.Debug|iPhoneSimulator.Build.0 = Debug|Any CPU
		{1DADBB8B-48A6-4D1F-868B-7B7DA0026921}.Debug|iPhoneSimulator.Deploy.0 = Debug|Any CPU
		{1DADBB8B-48A6-4D1F-868B-7B7DA0026921}.Release|Any CPU.ActiveCfg = Release|Any CPU
		{1DADBB8B-48A6-4D1F-868B-7B7DA0026921}.Release|Any CPU.Build.0 = Release|Any CPU
		{1DADBB8B-48A6-4D1F-868B-7B7DA0026921}.Release|Any CPU.Deploy.0 = Release|Any CPU
		{1DADBB8B-48A6-4D1F-868B-7B7DA0026921}.Release|iPhone.ActiveCfg = Release|Any CPU
		{1DADBB8B-48A6-4D1F-868B-7B7DA0026921}.Release|iPhone.Build.0 = Release|Any CPU
		{1DADBB8B-48A6-4D1F-868B-7B7DA0026921}.Release|iPhone.Deploy.0 = Release|Any CPU
		{1DADBB8B-48A6-4D1F-868B-7B7DA0026921}.Release|iPhoneSimulator.ActiveCfg = Release|Any CPU
		{1DADBB8B-48A6-4D1F-868B-7B7DA0026921}.Release|iPhoneSimulator.Build.0 = Release|Any CPU
		{1DADBB8B-48A6-4D1F-868B-7B7DA0026921}.Release|iPhoneSimulator.Deploy.0 = Release|Any CPU
	EndGlobalSection
	GlobalSection(SolutionProperties) = preSolution
		HideSolutionNode = FALSE
	EndGlobalSection
	GlobalSection(ExtensibilityGlobals) = postSolution
		SolutionGuid = {5CB3A57F-0CB3-4089-95D5-2CE86CEC12A6}
	EndGlobalSection
EndGlobal
